
Microsoft Visual Studio Solution File, Format Version 12.00
# Visual Studio Version 17
VisualStudioVersion = 17.6.33829.357
MinimumVisualStudioVersion = 10.0.40219.1
Project("{FAE04EC0-301F-11D3-BF4B-00C04F79EFBC}") = "Calculator", "Calculator.csproj", "{D8743608-A063-434D-9D01-5201EE83A7D2}"
EndProject
Global
	GlobalSection(SolutionConfigurationPlatforms) = preSolution
		Debug|Any CPU = Debug|Any CPU
		Release|Any CPU = Release|Any CPU
	EndGlobalSection
	GlobalSection(ProjectConfigurationPlatforms) = postSolution
		{D8743608-A063-434D-9D01-5201EE83A7D2}.Debug|Any CPU.ActiveCfg = Debug|Any CPU
		{D8743608-A063-434D-9D01-5201EE83A7D2}.Debug|Any CPU.Build.0 = Debug|Any CPU
		{D8743608-A063-434D-9D01-5201EE83A7D2}.Release|Any CPU.ActiveCfg = Release|Any CPU
		{D8743608-A063-434D-9D01-5201EE83A7D2}.Release|Any CPU.Build.0 = Release|Any CPU
	EndGlobalSection
	GlobalSection(SolutionProperties) = preSolution
		HideSolutionNode = FALSE
	EndGlobalSection
	GlobalSection(ExtensibilityGlobals) = postSolution
		SolutionGuid = {9FB00559-8F9E-4A46-852C-4CE141C029EE}
	EndGlobalSection
EndGlobal
